
Microsoft Visual Studio Solution File, Format Version 12.00
# Visual Studio Version 16
VisualStudioVersion = 16.0.31205.134
MinimumVisualStudioVersion = 10.0.40219.1
Project("{FAE04EC0-301F-11D3-BF4B-00C04F79EFBC}") = "SpesificationDemo.Api", "SpesificationDemo\SpesificationDemo.Api.csproj", "{4375A0FA-0B05-4F77-BBB9-037B060A71B0}"
EndProject
Project("{FAE04EC0-301F-11D3-BF4B-00C04F79EFBC}") = "SpesificationDemo.Bll", "SpesificationDemo.Bll\SpesificationDemo.Bll.csproj", "{71EEBB38-C02C-4306-8C35-00AC5ABA5098}"
EndProject
Project("{FAE04EC0-301F-11D3-BF4B-00C04F79EFBC}") = "SpesificationDemo.Dal", "SpesificationDemo.Dal\SpesificationDemo.Dal.csproj", "{7AA6608F-0DED-47B4-B2E2-7A3955D2940B}"
EndProject
Global
	GlobalSection(SolutionConfigurationPlatforms) = preSolution
		Debug|Any CPU = Debug|Any CPU
		Release|Any CPU = Release|Any CPU
	EndGlobalSection
	GlobalSection(ProjectConfigurationPlatforms) = postSolution
		{4375A0FA-0B05-4F77-BBB9-037B060A71B0}.Debug|Any CPU.ActiveCfg = Debug|Any CPU
		{4375A0FA-0B05-4F77-BBB9-037B060A71B0}.Debug|Any CPU.Build.0 = Debug|Any CPU
		{4375A0FA-0B05-4F77-BBB9-037B060A71B0}.Release|Any CPU.ActiveCfg = Release|Any CPU
		{4375A0FA-0B05-4F77-BBB9-037B060A71B0}.Release|Any CPU.Build.0 = Release|Any CPU
		{71EEBB38-C02C-4306-8C35-00AC5ABA5098}.Debug|Any CPU.ActiveCfg = Debug|Any CPU
		{71EEBB38-C02C-4306-8C35-00AC5ABA5098}.Debug|Any CPU.Build.0 = Debug|Any CPU
		{71EEBB38-C02C-4306-8C35-00AC5ABA5098}.Release|Any CPU.ActiveCfg = Release|Any CPU
		{71EEBB38-C02C-4306-8C35-00AC5ABA5098}.Release|Any CPU.Build.0 = Release|Any CPU
		{7AA6608F-0DED-47B4-B2E2-7A3955D2940B}.Debug|Any CPU.ActiveCfg = Debug|Any CPU
		{7AA6608F-0DED-47B4-B2E2-7A3955D2940B}.Debug|Any CPU.Build.0 = Debug|Any CPU
		{7AA6608F-0DED-47B4-B2E2-7A3955D2940B}.Release|Any CPU.ActiveCfg = Release|Any CPU
		{7AA6608F-0DED-47B4-B2E2-7A3955D2940B}.Release|Any CPU.Build.0 = Release|Any CPU
	EndGlobalSection
	GlobalSection(SolutionProperties) = preSolution
		HideSolutionNode = FALSE
	EndGlobalSection
	GlobalSection(ExtensibilityGlobals) = postSolution
		SolutionGuid = {E77215F3-5F52-4F45-9D00-29761B6678E1}
	EndGlobalSection
EndGlobal
